
Microsoft Visual Studio Solution File, Format Version 12.00
# Visual Studio Version 16
VisualStudioVersion = 16.0.30104.148
MinimumVisualStudioVersion = 10.0.40219.1
Project("{FAE04EC0-301F-11D3-BF4B-00C04F79EFBC}") = "Musify-DDAC_Assignment", "Musify-DDAC_Assignment\Musify-DDAC_Assignment.csproj", "{75E8B3E5-3B6D-4960-A7CF-FC022FE29A4C}"
EndProject
Global
	GlobalSection(SolutionConfigurationPlatforms) = preSolution
		Debug|Any CPU = Debug|Any CPU
		Release|Any CPU = Release|Any CPU
	EndGlobalSection
	GlobalSection(ProjectConfigurationPlatforms) = postSolution
		{75E8B3E5-3B6D-4960-A7CF-FC022FE29A4C}.Debug|Any CPU.ActiveCfg = Debug|Any CPU
		{75E8B3E5-3B6D-4960-A7CF-FC022FE29A4C}.Debug|Any CPU.Build.0 = Debug|Any CPU
		{75E8B3E5-3B6D-4960-A7CF-FC022FE29A4C}.Release|Any CPU.ActiveCfg = Release|Any CPU
		{75E8B3E5-3B6D-4960-A7CF-FC022FE29A4C}.Release|Any CPU.Build.0 = Release|Any CPU
	EndGlobalSection
	GlobalSection(SolutionProperties) = preSolution
		HideSolutionNode = FALSE
	EndGlobalSection
	GlobalSection(ExtensibilityGlobals) = postSolution
		SolutionGuid = {4A3C0C5C-741C-47AD-9377-88EEDFEE44A7}
	EndGlobalSection
EndGlobal
